// !$*UTF8*$!
{
	archiveVersion = 1;
	classes = {
	};
	objectVersion = 56;
	objects = {

/* Begin PBXBuildFile section */
		7D1038C32BEB5DCE000BE5B0 /* OrderingAppApp.swift in Sources */ = {isa = PBXBuildFile; fileRef = 7D1038C22BEB5DCE000BE5B0 /* OrderingAppApp.swift */; };
		7D1038C52BEB5DCE000BE5B0 /* AppTabView.swift in Sources */ = {isa = PBXBuildFile; fileRef = 7D1038C42BEB5DCE000BE5B0 /* AppTabView.swift */; };
		7D1038C72BEB5DCF000BE5B0 /* Assets.xcassets in Resources */ = {isa = PBXBuildFile; fileRef = 7D1038C62BEB5DCF000BE5B0 /* Assets.xcassets */; };
		7D1038CA2BEB5DCF000BE5B0 /* Preview Assets.xcassets in Resources */ = {isa = PBXBuildFile; fileRef = 7D1038C92BEB5DCF000BE5B0 /* Preview Assets.xcassets */; };
		7D1038D12BEB5E72000BE5B0 /* HomeView.swift in Sources */ = {isa = PBXBuildFile; fileRef = 7D1038D02BEB5E72000BE5B0 /* HomeView.swift */; };
		7D1038D32BEB5E7B000BE5B0 /* CartView.swift in Sources */ = {isa = PBXBuildFile; fileRef = 7D1038D22BEB5E7B000BE5B0 /* CartView.swift */; };
		7D1038D52BEB5E83000BE5B0 /* OrdersView.swift in Sources */ = {isa = PBXBuildFile; fileRef = 7D1038D42BEB5E83000BE5B0 /* OrdersView.swift */; };
		7D1038D72BEB5E89000BE5B0 /* AccountView.swift in Sources */ = {isa = PBXBuildFile; fileRef = 7D1038D62BEB5E89000BE5B0 /* AccountView.swift */; };
		7D1038D92BEB7290000BE5B0 /* Product.swift in Sources */ = {isa = PBXBuildFile; fileRef = 7D1038D82BEB7290000BE5B0 /* Product.swift */; };
		7D1038E22BEB7C49000BE5B0 /* coffeedb.json in Resources */ = {isa = PBXBuildFile; fileRef = 7D1038E12BEB7C49000BE5B0 /* coffeedb.json */; };
		7D1038E42BEB8F21000BE5B0 /* ProductListCell.swift in Sources */ = {isa = PBXBuildFile; fileRef = 7D1038E32BEB8F21000BE5B0 /* ProductListCell.swift */; };
		7D1038E62BEB900B000BE5B0 /* ModelData.swift in Sources */ = {isa = PBXBuildFile; fileRef = 7D1038E52BEB900B000BE5B0 /* ModelData.swift */; };
		7D43F4BB2BEC9ECA007726CB /* Alert.swift in Sources */ = {isa = PBXBuildFile; fileRef = 7D43F4BA2BEC9ECA007726CB /* Alert.swift */; };
		7D43F4BE2BECA22D007726CB /* User.swift in Sources */ = {isa = PBXBuildFile; fileRef = 7D43F4BD2BECA22D007726CB /* User.swift */; };
		7D43F4C22BED4A11007726CB /* EmptyView.swift in Sources */ = {isa = PBXBuildFile; fileRef = 7D43F4C12BED4A11007726CB /* EmptyView.swift */; };
		7D43F4C42BED4E24007726CB /* Cart.swift in Sources */ = {isa = PBXBuildFile; fileRef = 7D43F4C32BED4E24007726CB /* Cart.swift */; };
		7DDD9B522BEBC4EA00FF22FE /* ProductDetailView.swift in Sources */ = {isa = PBXBuildFile; fileRef = 7DDD9B512BEBC4EA00FF22FE /* ProductDetailView.swift */; };
		7DDD9B542BEBD68600FF22FE /* AccountViewModel.swift in Sources */ = {isa = PBXBuildFile; fileRef = 7DDD9B532BEBD68600FF22FE /* AccountViewModel.swift */; };
		7DDD9B572BEBD81700FF22FE /* String+Ext.swift in Sources */ = {isa = PBXBuildFile; fileRef = 7DDD9B562BEBD81700FF22FE /* String+Ext.swift */; };
		7DDD9B592BEBDB6E00FF22FE /* LoadingView.swift in Sources */ = {isa = PBXBuildFile; fileRef = 7DDD9B582BEBDB6E00FF22FE /* LoadingView.swift */; };
		7DDD9B5B2BEBE22400FF22FE /* LoginView.swift in Sources */ = {isa = PBXBuildFile; fileRef = 7DDD9B5A2BEBE22400FF22FE /* LoginView.swift */; };
		7DDD9B5D2BEBE37800FF22FE /* RegisterView.swift in Sources */ = {isa = PBXBuildFile; fileRef = 7DDD9B5C2BEBE37800FF22FE /* RegisterView.swift */; };
/* End PBXBuildFile section */

/* Begin PBXFileReference section */
		7D1038BF2BEB5DCE000BE5B0 /* OrderingApp.app */ = {isa = PBXFileReference; explicitFileType = wrapper.application; includeInIndex = 0; path = OrderingApp.app; sourceTree = BUILT_PRODUCTS_DIR; };
		7D1038C22BEB5DCE000BE5B0 /* OrderingAppApp.swift */ = {isa = PBXFileReference; lastKnownFileType = sourcecode.swift; path = OrderingAppApp.swift; sourceTree = "<group>"; };
		7D1038C42BEB5DCE000BE5B0 /* AppTabView.swift */ = {isa = PBXFileReference; lastKnownFileType = sourcecode.swift; path = AppTabView.swift; sourceTree = "<group>"; };
		7D1038C62BEB5DCF000BE5B0 /* Assets.xcassets */ = {isa = PBXFileReference; lastKnownFileType = folder.assetcatalog; path = Assets.xcassets; sourceTree = "<group>"; };
		7D1038C92BEB5DCF000BE5B0 /* Preview Assets.xcassets */ = {isa = PBXFileReference; lastKnownFileType = folder.assetcatalog; path = "Preview Assets.xcassets"; sourceTree = "<group>"; };
		7D1038D02BEB5E72000BE5B0 /* HomeView.swift */ = {isa = PBXFileReference; lastKnownFileType = sourcecode.swift; path = HomeView.swift; sourceTree = "<group>"; };
		7D1038D22BEB5E7B000BE5B0 /* CartView.swift */ = {isa = PBXFileReference; lastKnownFileType = sourcecode.swift; path = CartView.swift; sourceTree = "<group>"; };
		7D1038D42BEB5E83000BE5B0 /* OrdersView.swift */ = {isa = PBXFileReference; lastKnownFileType = sourcecode.swift; path = OrdersView.swift; sourceTree = "<group>"; };
		7D1038D62BEB5E89000BE5B0 /* AccountView.swift */ = {isa = PBXFileReference; lastKnownFileType = sourcecode.swift; path = AccountView.swift; sourceTree = "<group>"; };
		7D1038D82BEB7290000BE5B0 /* Product.swift */ = {isa = PBXFileReference; lastKnownFileType = sourcecode.swift; path = Product.swift; sourceTree = "<group>"; };
		7D1038E12BEB7C49000BE5B0 /* coffeedb.json */ = {isa = PBXFileReference; fileEncoding = 4; lastKnownFileType = text.json; path = coffeedb.json; sourceTree = "<group>"; };
		7D1038E32BEB8F21000BE5B0 /* ProductListCell.swift */ = {isa = PBXFileReference; lastKnownFileType = sourcecode.swift; path = ProductListCell.swift; sourceTree = "<group>"; };
		7D1038E52BEB900B000BE5B0 /* ModelData.swift */ = {isa = PBXFileReference; lastKnownFileType = sourcecode.swift; path = ModelData.swift; sourceTree = "<group>"; };
		7D43F4BA2BEC9ECA007726CB /* Alert.swift */ = {isa = PBXFileReference; lastKnownFileType = sourcecode.swift; path = Alert.swift; sourceTree = "<group>"; };
		7D43F4BD2BECA22D007726CB /* User.swift */ = {isa = PBXFileReference; lastKnownFileType = sourcecode.swift; path = User.swift; sourceTree = "<group>"; };
		7D43F4C12BED4A11007726CB /* EmptyView.swift */ = {isa = PBXFileReference; lastKnownFileType = sourcecode.swift; path = EmptyView.swift; sourceTree = "<group>"; };
		7D43F4C32BED4E24007726CB /* Cart.swift */ = {isa = PBXFileReference; lastKnownFileType = sourcecode.swift; path = Cart.swift; sourceTree = "<group>"; };
		7DDD9B512BEBC4EA00FF22FE /* ProductDetailView.swift */ = {isa = PBXFileReference; lastKnownFileType = sourcecode.swift; path = ProductDetailView.swift; sourceTree = "<group>"; };
		7DDD9B532BEBD68600FF22FE /* AccountViewModel.swift */ = {isa = PBXFileReference; lastKnownFileType = sourcecode.swift; path = AccountViewModel.swift; sourceTree = "<group>"; };
		7DDD9B562BEBD81700FF22FE /* String+Ext.swift */ = {isa = PBXFileReference; lastKnownFileType = sourcecode.swift; path = "String+Ext.swift"; sourceTree = "<group>"; };
		7DDD9B582BEBDB6E00FF22FE /* LoadingView.swift */ = {isa = PBXFileReference; lastKnownFileType = sourcecode.swift; path = LoadingView.swift; sourceTree = "<group>"; };
		7DDD9B5A2BEBE22400FF22FE /* LoginView.swift */ = {isa = PBXFileReference; lastKnownFileType = sourcecode.swift; path = LoginView.swift; sourceTree = "<group>"; };
		7DDD9B5C2BEBE37800FF22FE /* RegisterView.swift */ = {isa = PBXFileReference; lastKnownFileType = sourcecode.swift; path = RegisterView.swift; sourceTree = "<group>"; };
/* End PBXFileReference section */

/* Begin PBXFrameworksBuildPhase section */
		7D1038BC2BEB5DCE000BE5B0 /* Frameworks */ = {
			isa = PBXFrameworksBuildPhase;
			buildActionMask = 2147483647;
			files = (
			);
			runOnlyForDeploymentPostprocessing = 0;
		};
/* End PBXFrameworksBuildPhase section */

/* Begin PBXGroup section */
		7D1038B62BEB5DCE000BE5B0 = {
			isa = PBXGroup;
			children = (
				7D1038C12BEB5DCE000BE5B0 /* OrderingApp */,
				7D1038C02BEB5DCE000BE5B0 /* Products */,
			);
			sourceTree = "<group>";
		};
		7D1038C02BEB5DCE000BE5B0 /* Products */ = {
			isa = PBXGroup;
			children = (
				7D1038BF2BEB5DCE000BE5B0 /* OrderingApp.app */,
			);
			name = Products;
			sourceTree = "<group>";
		};
		7D1038C12BEB5DCE000BE5B0 /* OrderingApp */ = {
			isa = PBXGroup;
			children = (
				7D43F4BC2BECA020007726CB /* Utilities */,
				7D1038C22BEB5DCE000BE5B0 /* OrderingAppApp.swift */,
				7D1038C42BEB5DCE000BE5B0 /* AppTabView.swift */,
				7D43F4C12BED4A11007726CB /* EmptyView.swift */,
				7D1038C62BEB5DCF000BE5B0 /* Assets.xcassets */,
				7D1038C82BEB5DCF000BE5B0 /* Preview Content */,
				7D1038DB2BEB72AD000BE5B0 /* Views */,
				7D1038DA2BEB729D000BE5B0 /* Models */,
				7D1038DE2BEB7983000BE5B0 /* Resources */,
			);
			path = OrderingApp;
			sourceTree = "<group>";
		};
		7D1038C82BEB5DCF000BE5B0 /* Preview Content */ = {
			isa = PBXGroup;
			children = (
				7D1038C92BEB5DCF000BE5B0 /* Preview Assets.xcassets */,
			);
			path = "Preview Content";
			sourceTree = "<group>";
		};
		7D1038DA2BEB729D000BE5B0 /* Models */ = {
			isa = PBXGroup;
			children = (
				7D1038D82BEB7290000BE5B0 /* Product.swift */,
				7D1038E52BEB900B000BE5B0 /* ModelData.swift */,
				7DDD9B532BEBD68600FF22FE /* AccountViewModel.swift */,
				7D43F4BD2BECA22D007726CB /* User.swift */,
				7D43F4C32BED4E24007726CB /* Cart.swift */,
			);
			path = Models;
			sourceTree = "<group>";
		};
		7D1038DB2BEB72AD000BE5B0 /* Views */ = {
			isa = PBXGroup;
			children = (
				7DDD9B582BEBDB6E00FF22FE /* LoadingView.swift */,
				7DDD9B5A2BEBE22400FF22FE /* LoginView.swift */,
				7DDD9B5C2BEBE37800FF22FE /* RegisterView.swift */,
				7D1038D02BEB5E72000BE5B0 /* HomeView.swift */,
				7D1038D22BEB5E7B000BE5B0 /* CartView.swift */,
				7D1038D42BEB5E83000BE5B0 /* OrdersView.swift */,
				7D1038D62BEB5E89000BE5B0 /* AccountView.swift */,
				7D1038E32BEB8F21000BE5B0 /* ProductListCell.swift */,
				7DDD9B512BEBC4EA00FF22FE /* ProductDetailView.swift */,
			);
			path = Views;
			sourceTree = "<group>";
		};
		7D1038DE2BEB7983000BE5B0 /* Resources */ = {
			isa = PBXGroup;
			children = (
				7D1038E12BEB7C49000BE5B0 /* coffeedb.json */,
			);
			path = Resources;
			sourceTree = "<group>";
		};
		7D43F4BC2BECA020007726CB /* Utilities */ = {
			isa = PBXGroup;
			children = (
				7DDD9B552BEBD7F900FF22FE /* Extensions */,
				7D43F4BA2BEC9ECA007726CB /* Alert.swift */,
			);
			path = Utilities;
			sourceTree = "<group>";
		};
		7DDD9B552BEBD7F900FF22FE /* Extensions */ = {
			isa = PBXGroup;
			children = (
				7DDD9B562BEBD81700FF22FE /* String+Ext.swift */,
			);
			path = Extensions;
			sourceTree = "<group>";
		};
/* End PBXGroup section */

/* Begin PBXNativeTarget section */
		7D1038BE2BEB5DCE000BE5B0 /* OrderingApp */ = {
			isa = PBXNativeTarget;
			buildConfigurationList = 7D1038CD2BEB5DCF000BE5B0 /* Build configuration list for PBXNativeTarget "OrderingApp" */;
			buildPhases = (
				7D1038BB2BEB5DCE000BE5B0 /* Sources */,
				7D1038BC2BEB5DCE000BE5B0 /* Frameworks */,
				7D1038BD2BEB5DCE000BE5B0 /* Resources */,
			);
			buildRules = (
			);
			dependencies = (
			);
			name = OrderingApp;
			productName = OrderingApp;
			productReference = 7D1038BF2BEB5DCE000BE5B0 /* OrderingApp.app */;
			productType = "com.apple.product-type.application";
		};
/* End PBXNativeTarget section */

/* Begin PBXProject section */
		7D1038B72BEB5DCE000BE5B0 /* Project object */ = {
			isa = PBXProject;
			attributes = {
				BuildIndependentTargetsInParallel = 1;
				LastSwiftUpdateCheck = 1430;
				LastUpgradeCheck = 1430;
				TargetAttributes = {
					7D1038BE2BEB5DCE000BE5B0 = {
						CreatedOnToolsVersion = 14.3.1;
					};
				};
			};
			buildConfigurationList = 7D1038BA2BEB5DCE000BE5B0 /* Build configuration list for PBXProject "OrderingApp" */;
			compatibilityVersion = "Xcode 14.0";
			developmentRegion = en;
			hasScannedForEncodings = 0;
			knownRegions = (
				en,
				Base,
			);
			mainGroup = 7D1038B62BEB5DCE000BE5B0;
			productRefGroup = 7D1038C02BEB5DCE000BE5B0 /* Products */;
			projectDirPath = "";
			projectRoot = "";
			targets = (
				7D1038BE2BEB5DCE000BE5B0 /* OrderingApp */,
			);
		};
/* End PBXProject section */

/* Begin PBXResourcesBuildPhase section */
		7D1038BD2BEB5DCE000BE5B0 /* Resources */ = {
			isa = PBXResourcesBuildPhase;
			buildActionMask = 2147483647;
			files = (
				7D1038CA2BEB5DCF000BE5B0 /* Preview Assets.xcassets in Resources */,
				7D1038C72BEB5DCF000BE5B0 /* Assets.xcassets in Resources */,
				7D1038E22BEB7C49000BE5B0 /* coffeedb.json in Resources */,
			);
			runOnlyForDeploymentPostprocessing = 0;
		};
/* End PBXResourcesBuildPhase section */

/* Begin PBXSourcesBuildPhase section */
		7D1038BB2BEB5DCE000BE5B0 /* Sources */ = {
			isa = PBXSourcesBuildPhase;
			buildActionMask = 2147483647;
			files = (
				7D1038D72BEB5E89000BE5B0 /* AccountView.swift in Sources */,
				7DDD9B522BEBC4EA00FF22FE /* ProductDetailView.swift in Sources */,
				7D1038D52BEB5E83000BE5B0 /* OrdersView.swift in Sources */,
				7D43F4BB2BEC9ECA007726CB /* Alert.swift in Sources */,
				7D1038E62BEB900B000BE5B0 /* ModelData.swift in Sources */,
				7D43F4C22BED4A11007726CB /* EmptyView.swift in Sources */,
				7D43F4C42BED4E24007726CB /* Cart.swift in Sources */,
				7D1038D12BEB5E72000BE5B0 /* HomeView.swift in Sources */,
				7DDD9B542BEBD68600FF22FE /* AccountViewModel.swift in Sources */,
				7DDD9B5D2BEBE37800FF22FE /* RegisterView.swift in Sources */,
				7DDD9B572BEBD81700FF22FE /* String+Ext.swift in Sources */,
				7D1038C52BEB5DCE000BE5B0 /* AppTabView.swift in Sources */,
				7DDD9B5B2BEBE22400FF22FE /* LoginView.swift in Sources */,
				7D1038D32BEB5E7B000BE5B0 /* CartView.swift in Sources */,
				7D1038E42BEB8F21000BE5B0 /* ProductListCell.swift in Sources */,
				7D43F4BE2BECA22D007726CB /* User.swift in Sources */,
				7D1038C32BEB5DCE000BE5B0 /* OrderingAppApp.swift in Sources */,
				7DDD9B592BEBDB6E00FF22FE /* LoadingView.swift in Sources */,
				7D1038D92BEB7290000BE5B0 /* Product.swift in Sources */,
			);
			runOnlyForDeploymentPostprocessing = 0;
		};
/* End PBXSourcesBuildPhase section */

/* Begin XCBuildConfiguration section */
		7D1038CB2BEB5DCF000BE5B0 /* Debug */ = {
			isa = XCBuildConfiguration;
			buildSettings = {
				ALWAYS_SEARCH_USER_PATHS = NO;
				CLANG_ANALYZER_NONNULL = YES;
				CLANG_ANALYZER_NUMBER_OBJECT_CONVERSION = YES_AGGRESSIVE;
				CLANG_CXX_LANGUAGE_STANDARD = "gnu++20";
				CLANG_ENABLE_MODULES = YES;
				CLANG_ENABLE_OBJC_ARC = YES;
				CLANG_ENABLE_OBJC_WEAK = YES;
				CLANG_WARN_BLOCK_CAPTURE_AUTORELEASING = YES;
				CLANG_WARN_BOOL_CONVERSION = YES;
				CLANG_WARN_COMMA = YES;
				CLANG_WARN_CONSTANT_CONVERSION = YES;
				CLANG_WARN_DEPRECATED_OBJC_IMPLEMENTATIONS = YES;
				CLANG_WARN_DIRECT_OBJC_ISA_USAGE = YES_ERROR;
				CLANG_WARN_DOCUMENTATION_COMMENTS = YES;
				CLANG_WARN_EMPTY_BODY = YES;
				CLANG_WARN_ENUM_CONVERSION = YES;
				CLANG_WARN_INFINITE_RECURSION = YES;
				CLANG_WARN_INT_CONVERSION = YES;
				CLANG_WARN_NON_LITERAL_NULL_CONVERSION = YES;
				CLANG_WARN_OBJC_IMPLICIT_RETAIN_SELF = YES;
				CLANG_WARN_OBJC_LITERAL_CONVERSION = YES;
				CLANG_WARN_OBJC_ROOT_CLASS = YES_ERROR;
				CLANG_WARN_QUOTED_INCLUDE_IN_FRAMEWORK_HEADER = YES;
				CLANG_WARN_RANGE_LOOP_ANALYSIS = YES;
				CLANG_WARN_STRICT_PROTOTYPES = YES;
				CLANG_WARN_SUSPICIOUS_MOVE = YES;
				CLANG_WARN_UNGUARDED_AVAILABILITY = YES_AGGRESSIVE;
				CLANG_WARN_UNREACHABLE_CODE = YES;
				CLANG_WARN__DUPLICATE_METHOD_MATCH = YES;
				COPY_PHASE_STRIP = NO;
				DEBUG_INFORMATION_FORMAT = dwarf;
				ENABLE_STRICT_OBJC_MSGSEND = YES;
				ENABLE_TESTABILITY = YES;
				GCC_C_LANGUAGE_STANDARD = gnu11;
				GCC_DYNAMIC_NO_PIC = NO;
				GCC_NO_COMMON_BLOCKS = YES;
				GCC_OPTIMIZATION_LEVEL = 0;
				GCC_PREPROCESSOR_DEFINITIONS = (
					"DEBUG=1",
					"$(inherited)",
				);
				GCC_WARN_64_TO_32_BIT_CONVERSION = YES;
				GCC_WARN_ABOUT_RETURN_TYPE = YES_ERROR;
				GCC_WARN_UNDECLARED_SELECTOR = YES;
				GCC_WARN_UNINITIALIZED_AUTOS = YES_AGGRESSIVE;
				GCC_WARN_UNUSED_FUNCTION = YES;
				GCC_WARN_UNUSED_VARIABLE = YES;
				IPHONEOS_DEPLOYMENT_TARGET = 16.4;
				MTL_ENABLE_DEBUG_INFO = INCLUDE_SOURCE;
				MTL_FAST_MATH = YES;
				ONLY_ACTIVE_ARCH = YES;
				SDKROOT = iphoneos;
				SWIFT_ACTIVE_COMPILATION_CONDITIONS = DEBUG;
				SWIFT_OPTIMIZATION_LEVEL = "-Onone";
			};
			name = Debug;
		};
		7D1038CC2BEB5DCF000BE5B0 /* Release */ = {
			isa = XCBuildConfiguration;
			buildSettings = {
				ALWAYS_SEARCH_USER_PATHS = NO;
				CLANG_ANALYZER_NONNULL = YES;
				CLANG_ANALYZER_NUMBER_OBJECT_CONVERSION = YES_AGGRESSIVE;
				CLANG_CXX_LANGUAGE_STANDARD = "gnu++20";
				CLANG_ENABLE_MODULES = YES;
				CLANG_ENABLE_OBJC_ARC = YES;
				CLANG_ENABLE_OBJC_WEAK = YES;
				CLANG_WARN_BLOCK_CAPTURE_AUTORELEASING = YES;
				CLANG_WARN_BOOL_CONVERSION = YES;
				CLANG_WARN_COMMA = YES;
				CLANG_WARN_CONSTANT_CONVERSION = YES;
				CLANG_WARN_DEPRECATED_OBJC_IMPLEMENTATIONS = YES;
				CLANG_WARN_DIRECT_OBJC_ISA_USAGE = YES_ERROR;
				CLANG_WARN_DOCUMENTATION_COMMENTS = YES;
				CLANG_WARN_EMPTY_BODY = YES;
				CLANG_WARN_ENUM_CONVERSION = YES;
				CLANG_WARN_INFINITE_RECURSION = YES;
				CLANG_WARN_INT_CONVERSION = YES;
				CLANG_WARN_NON_LITERAL_NULL_CONVERSION = YES;
				CLANG_WARN_OBJC_IMPLICIT_RETAIN_SELF = YES;
				CLANG_WARN_OBJC_LITERAL_CONVERSION = YES;
				CLANG_WARN_OBJC_ROOT_CLASS = YES_ERROR;
				CLANG_WARN_QUOTED_INCLUDE_IN_FRAMEWORK_HEADER = YES;
				CLANG_WARN_RANGE_LOOP_ANALYSIS = YES;
				CLANG_WARN_STRICT_PROTOTYPES = YES;
				CLANG_WARN_SUSPICIOUS_MOVE = YES;
				CLANG_WARN_UNGUARDED_AVAILABILITY = YES_AGGRESSIVE;
				CLANG_WARN_UNREACHABLE_CODE = YES;
				CLANG_WARN__DUPLICATE_METHOD_MATCH = YES;
				COPY_PHASE_STRIP = NO;
				DEBUG_INFORMATION_FORMAT = "dwarf-with-dsym";
				ENABLE_NS_ASSERTIONS = NO;
				ENABLE_STRICT_OBJC_MSGSEND = YES;
				GCC_C_LANGUAGE_STANDARD = gnu11;
				GCC_NO_COMMON_BLOCKS = YES;
				GCC_WARN_64_TO_32_BIT_CONVERSION = YES;
				GCC_WARN_ABOUT_RETURN_TYPE = YES_ERROR;
				GCC_WARN_UNDECLARED_SELECTOR = YES;
				GCC_WARN_UNINITIALIZED_AUTOS = YES_AGGRESSIVE;
				GCC_WARN_UNUSED_FUNCTION = YES;
				GCC_WARN_UNUSED_VARIABLE = YES;
				IPHONEOS_DEPLOYMENT_TARGET = 16.4;
				MTL_ENABLE_DEBUG_INFO = NO;
				MTL_FAST_MATH = YES;
				SDKROOT = iphoneos;
				SWIFT_COMPILATION_MODE = wholemodule;
				SWIFT_OPTIMIZATION_LEVEL = "-O";
				VALIDATE_PRODUCT = YES;
			};
			name = Release;
		};
		7D1038CE2BEB5DCF000BE5B0 /* Debug */ = {
			isa = XCBuildConfiguration;
			buildSettings = {
				ASSETCATALOG_COMPILER_APPICON_NAME = AppIcon;
				ASSETCATALOG_COMPILER_GLOBAL_ACCENT_COLOR_NAME = AccentColor;
				CODE_SIGN_STYLE = Automatic;
				CURRENT_PROJECT_VERSION = 1;
				DEVELOPMENT_ASSET_PATHS = "\"OrderingApp/Preview Content\"";
				ENABLE_PREVIEWS = YES;
				GENERATE_INFOPLIST_FILE = YES;
				INFOPLIST_KEY_UIApplicationSceneManifest_Generation = YES;
				INFOPLIST_KEY_UIApplicationSupportsIndirectInputEvents = YES;
				INFOPLIST_KEY_UILaunchScreen_Generation = YES;
				INFOPLIST_KEY_UISupportedInterfaceOrientations_iPad = "UIInterfaceOrientationPortrait UIInterfaceOrientationPortraitUpsideDown UIInterfaceOrientationLandscapeLeft UIInterfaceOrientationLandscapeRight";
				INFOPLIST_KEY_UISupportedInterfaceOrientations_iPhone = "UIInterfaceOrientationPortrait UIInterfaceOrientationLandscapeLeft UIInterfaceOrientationLandscapeRight";
				LD_RUNPATH_SEARCH_PATHS = (
					"$(inherited)",
					"@executable_path/Frameworks",
				);
				MARKETING_VERSION = 1.0;
				PRODUCT_BUNDLE_IDENTIFIER = au.edu.uts.OrderingApp;
				PRODUCT_NAME = "$(TARGET_NAME)";
				SWIFT_EMIT_LOC_STRINGS = YES;
				SWIFT_VERSION = 5.0;
				TARGETED_DEVICE_FAMILY = "1,2";
			};
			name = Debug;
		};
		7D1038CF2BEB5DCF000BE5B0 /* Release */ = {
			isa = XCBuildConfiguration;
			buildSettings = {
				ASSETCATALOG_COMPILER_APPICON_NAME = AppIcon;
				ASSETCATALOG_COMPILER_GLOBAL_ACCENT_COLOR_NAME = AccentColor;
				CODE_SIGN_STYLE = Automatic;
				CURRENT_PROJECT_VERSION = 1;
				DEVELOPMENT_ASSET_PATHS = "\"OrderingApp/Preview Content\"";
				ENABLE_PREVIEWS = YES;
				GENERATE_INFOPLIST_FILE = YES;
				INFOPLIST_KEY_UIApplicationSceneManifest_Generation = YES;
				INFOPLIST_KEY_UIApplicationSupportsIndirectInputEvents = YES;
				INFOPLIST_KEY_UILaunchScreen_Generation = YES;
				INFOPLIST_KEY_UISupportedInterfaceOrientations_iPad = "UIInterfaceOrientationPortrait UIInterfaceOrientationPortraitUpsideDown UIInterfaceOrientationLandscapeLeft UIInterfaceOrientationLandscapeRight";
				INFOPLIST_KEY_UISupportedInterfaceOrientations_iPhone = "UIInterfaceOrientationPortrait UIInterfaceOrientationLandscapeLeft UIInterfaceOrientationLandscapeRight";
				LD_RUNPATH_SEARCH_PATHS = (
					"$(inherited)",
					"@executable_path/Frameworks",
				);
				MARKETING_VERSION = 1.0;
				PRODUCT_BUNDLE_IDENTIFIER = au.edu.uts.OrderingApp;
				PRODUCT_NAME = "$(TARGET_NAME)";
				SWIFT_EMIT_LOC_STRINGS = YES;
				SWIFT_VERSION = 5.0;
				TARGETED_DEVICE_FAMILY = "1,2";
			};
			name = Release;
		};
/* End XCBuildConfiguration section */

/* Begin XCConfigurationList section */
		7D1038BA2BEB5DCE000BE5B0 /* Build configuration list for PBXProject "OrderingApp" */ = {
			isa = XCConfigurationList;
			buildConfigurations = (
				7D1038CB2BEB5DCF000BE5B0 /* Debug */,
				7D1038CC2BEB5DCF000BE5B0 /* Release */,
			);
			defaultConfigurationIsVisible = 0;
			defaultConfigurationName = Release;
		};
		7D1038CD2BEB5DCF000BE5B0 /* Build configuration list for PBXNativeTarget "OrderingApp" */ = {
			isa = XCConfigurationList;
			buildConfigurations = (
				7D1038CE2BEB5DCF000BE5B0 /* Debug */,
				7D1038CF2BEB5DCF000BE5B0 /* Release */,
			);
			defaultConfigurationIsVisible = 0;
			defaultConfigurationName = Release;
		};
/* End XCConfigurationList section */
	};
	rootObject = 7D1038B72BEB5DCE000BE5B0 /* Project object */;
}
